{
    "nelmio/api-doc-bundle": {
        "version": "3.0",
        "recipe": {
            "repo": "github.com/symfony/recipes-contrib",
            "branch": "master",
            "version": "3.0",
            "ref": "c8e0c38e1a280ab9e37587a8fa32b251d5bc1c94"
        },
        "files": [
            "./config/packages/nelmio_api_doc.yaml",
            "./config/routes/nelmio_api_doc.yaml"
        ]
    },
    "symfony/asset": {
        "version": "v5.3.2"
    },
    "symfony/options-resolver": {
        "version": "v5.3.0"
    },
    "symfony/property-info": {
        "version": "v5.3.1"
    },
    "symfony/twig-bridge": {
        "version": "v5.3.3"
    },
    "symfony/twig-bundle": {
        "version": "5.3",
        "recipe": {
            "repo": "github.com/symfony/recipes",
            "branch": "master",
            "version": "5.3",
            "ref": "3dd530739a4284e3272274c128dbb7a8140a66f1"
        },
        "files": [
            "./config/packages/twig.yaml",
            "./templates/base.html.twig"
        ]
    },
    "symfony/twig-pack": {
        "version": "v1.0.1"
    },
    "twig/extra-bundle": {
        "version": "v3.3.1"
    },
    "twig/twig": {
        "version": "v3.3.2"
    },
    "zircote/swagger-php": {
        "version": "3.2.3"
    }
}
